
Microsoft Visual Studio Solution File, Format Version 12.00
# Visual Studio 15
VisualStudioVersion = 15.0.28010.2041
MinimumVisualStudioVersion = 10.0.40219.1
Project("{888888A0-9F3D-457C-B088-3A5042F75D52}") = "ImageProcessingTool", "ImageProcessingTool\ImageProcessingTool.pyproj", "{AA5FC93E-F87C-446C-A345-107E25F24B2C}"
EndProject
Global
	GlobalSection(SolutionConfigurationPlatforms) = preSolution
		Debug|Any CPU = Debug|Any CPU
		Release|Any CPU = Release|Any CPU
	EndGlobalSection
	GlobalSection(ProjectConfigurationPlatforms) = postSolution
		{AA5FC93E-F87C-446C-A345-107E25F24B2C}.Debug|Any CPU.ActiveCfg = Debug|Any CPU
		{AA5FC93E-F87C-446C-A345-107E25F24B2C}.Release|Any CPU.ActiveCfg = Release|Any CPU
	EndGlobalSection
	GlobalSection(SolutionProperties) = preSolution
		HideSolutionNode = FALSE
	EndGlobalSection
	GlobalSection(ExtensibilityGlobals) = postSolution
		SolutionGuid = {FED6CF25-DABE-450A-B838-59120E4DA668}
	EndGlobalSection
EndGlobal
